
Microsoft Visual Studio Solution File, Format Version 12.00
# Visual Studio 2015
Project("{FAE04EC0-301F-11D3-BF4B-00C04F79EFBC}") = "NexusClass.CSharp", "NexusClass.CSharp.csproj", "{597785A3-D82A-5458-D5D7-CFE3FE2A91F5}"
EndProject
Global
	GlobalSection(SolutionConfigurationPlatforms) = preSolution
		Debug|Any CPU = Debug|Any CPU
		Release|Any CPU = Release|Any CPU
	EndGlobalSection
	GlobalSection(ProjectConfigurationPlatforms) = postSolution
		{597785A3-D82A-5458-D5D7-CFE3FE2A91F5}.Debug|Any CPU.ActiveCfg = Debug|Any CPU
		{597785A3-D82A-5458-D5D7-CFE3FE2A91F5}.Debug|Any CPU.Build.0 = Debug|Any CPU
		{597785A3-D82A-5458-D5D7-CFE3FE2A91F5}.Release|Any CPU.ActiveCfg = Release|Any CPU
		{597785A3-D82A-5458-D5D7-CFE3FE2A91F5}.Release|Any CPU.Build.0 = Release|Any CPU
	EndGlobalSection
	GlobalSection(SolutionProperties) = preSolution
		HideSolutionNode = FALSE
	EndGlobalSection
EndGlobal
